
Microsoft Visual Studio Solution File, Format Version 12.00
# Visual Studio Version 17
VisualStudioVersion = 17.12.35527.113 d17.12
MinimumVisualStudioVersion = 10.0.40219.1
Project("{2150E333-8FDC-42A3-9474-1A3956D46DE8}") = "EFCore.BulkExtensions", "EFCore.BulkExtensions", "{82A992DB-7227-4677-BFF9-939CC059603E}"
EndProject
Project("{FAE04EC0-301F-11D3-BF4B-00C04F79EFBC}") = "EFCore.BulkExtensions.Core", "EFCore.BulkExtensions\EFCore.BulkExtensions.Core\EFCore.BulkExtensions.Core.csproj", "{4C4BC7DB-1635-4533-881E-0E2CD3FAA44E}"
EndProject
Project("{FAE04EC0-301F-11D3-BF4B-00C04F79EFBC}") = "EFCore.BulkExtensions", "EFCore.BulkExtensions\EFCore.BulkExtensions\EFCore.BulkExtensions.csproj", "{1DF1692E-585F-40A1-9CAF-73B9CBBD0D6F}"
EndProject
Project("{FAE04EC0-301F-11D3-BF4B-00C04F79EFBC}") = "EFCore.BulkExtensions.Tests", "EFCore.BulkExtensions\EFCore.BulkExtensions.Tests\EFCore.BulkExtensions.Tests.csproj", "{4B4A523E-5DAC-40A7-86D1-7954B0D9C17F}"
EndProject
Project("{2150E333-8FDC-42A3-9474-1A3956D46DE8}") = "PerProvider", "PerProvider", "{A928362B-626C-4528-AC09-699DA5603AE1}"
EndProject
Project("{FAE04EC0-301F-11D3-BF4B-00C04F79EFBC}") = "EFCore.BulkExtensions.MySql", "EFCore.BulkExtensions\EFCore.BulkExtensions.MySql\EFCore.BulkExtensions.MySql.csproj", "{CFF56FBA-4629-4DDD-8D89-B8F87634AFDE}"
EndProject
Project("{FAE04EC0-301F-11D3-BF4B-00C04F79EFBC}") = "EFCore.BulkExtensions.PostgreSql", "EFCore.BulkExtensions\EFCore.BulkExtensions.PostgreSql\EFCore.BulkExtensions.PostgreSql.csproj", "{57921D15-97B8-4053-B50C-0A72178AFE5D}"
EndProject
Project("{FAE04EC0-301F-11D3-BF4B-00C04F79EFBC}") = "EFCore.BulkExtensions.Sqlite", "EFCore.BulkExtensions\EFCore.BulkExtensions.Sqlite\EFCore.BulkExtensions.Sqlite.csproj", "{6325F1BF-E962-4462-AF81-6B77F2443873}"
EndProject
Project("{FAE04EC0-301F-11D3-BF4B-00C04F79EFBC}") = "EFCore.BulkExtensions.SqlServer", "EFCore.BulkExtensions\EFCore.BulkExtensions.SqlServer\EFCore.BulkExtensions.SqlServer.csproj", "{8A66FB0E-C7B3-444D-8C5A-082AE02F07A2}"
EndProject
Project("{FAE04EC0-301F-11D3-BF4B-00C04F79EFBC}") = "Lynx", "Lynx\Lynx.csproj", "{E5E1F5FF-7272-47FC-BD93-14DD70558F54}"
EndProject
Project("{2150E333-8FDC-42A3-9474-1A3956D46DE8}") = "Solution Items", "Solution Items", "{2DC39BDE-4202-4038-A7E6-7C6544D422BF}"
	ProjectSection(SolutionItems) = preProject
		Directory.Build.props = Directory.Build.props
		Directory.Build.targets = Directory.Build.targets
	EndProjectSection
EndProject
Project("{FAE04EC0-301F-11D3-BF4B-00C04F79EFBC}") = "Lynx.Tests", "Lynx.Tests\Lynx.Tests.csproj", "{D05181C2-7D16-4D01-8403-0179CA4C6532}"
EndProject
Project("{FAE04EC0-301F-11D3-BF4B-00C04F79EFBC}") = "Npgsql.BackupRestore", "Npgsql.BackupRestore\Npgsql.BackupRestore\Npgsql.BackupRestore.csproj", "{751F68DB-935E-4B01-9A60-B24DAD388FFA}"
EndProject
Project("{2150E333-8FDC-42A3-9474-1A3956D46DE8}") = "Lynx", "Lynx", "{B8992424-17F8-476F-B136-EEECC230FAC7}"
EndProject
Project("{2150E333-8FDC-42A3-9474-1A3956D46DE8}") = "Npgsql.BackupRestore", "Npgsql.BackupRestore", "{98FF1C8B-D597-4465-91A6-20E750F76A39}"
EndProject
Project("{FAE04EC0-301F-11D3-BF4B-00C04F79EFBC}") = "Npgsql.BackupRestore.Tests", "Npgsql.BackupRestore\Npgsql.BackupRestore.Tests\Npgsql.BackupRestore.Tests.csproj", "{7DC090A1-1503-43EE-A924-393AC19B2D55}"
EndProject
Global
	GlobalSection(SolutionConfigurationPlatforms) = preSolution
		Debug|Any CPU = Debug|Any CPU
		Release|Any CPU = Release|Any CPU
	EndGlobalSection
	GlobalSection(ProjectConfigurationPlatforms) = postSolution
		{4C4BC7DB-1635-4533-881E-0E2CD3FAA44E}.Debug|Any CPU.ActiveCfg = Debug|Any CPU
		{4C4BC7DB-1635-4533-881E-0E2CD3FAA44E}.Debug|Any CPU.Build.0 = Debug|Any CPU
		{4C4BC7DB-1635-4533-881E-0E2CD3FAA44E}.Release|Any CPU.ActiveCfg = Release|Any CPU
		{4C4BC7DB-1635-4533-881E-0E2CD3FAA44E}.Release|Any CPU.Build.0 = Release|Any CPU
		{1DF1692E-585F-40A1-9CAF-73B9CBBD0D6F}.Debug|Any CPU.ActiveCfg = Debug|Any CPU
		{1DF1692E-585F-40A1-9CAF-73B9CBBD0D6F}.Debug|Any CPU.Build.0 = Debug|Any CPU
		{1DF1692E-585F-40A1-9CAF-73B9CBBD0D6F}.Release|Any CPU.ActiveCfg = Release|Any CPU
		{1DF1692E-585F-40A1-9CAF-73B9CBBD0D6F}.Release|Any CPU.Build.0 = Release|Any CPU
		{4B4A523E-5DAC-40A7-86D1-7954B0D9C17F}.Debug|Any CPU.ActiveCfg = Debug|Any CPU
		{4B4A523E-5DAC-40A7-86D1-7954B0D9C17F}.Debug|Any CPU.Build.0 = Debug|Any CPU
		{4B4A523E-5DAC-40A7-86D1-7954B0D9C17F}.Release|Any CPU.ActiveCfg = Release|Any CPU
		{4B4A523E-5DAC-40A7-86D1-7954B0D9C17F}.Release|Any CPU.Build.0 = Release|Any CPU
		{CFF56FBA-4629-4DDD-8D89-B8F87634AFDE}.Debug|Any CPU.ActiveCfg = Debug|Any CPU
		{CFF56FBA-4629-4DDD-8D89-B8F87634AFDE}.Debug|Any CPU.Build.0 = Debug|Any CPU
		{CFF56FBA-4629-4DDD-8D89-B8F87634AFDE}.Release|Any CPU.ActiveCfg = Release|Any CPU
		{CFF56FBA-4629-4DDD-8D89-B8F87634AFDE}.Release|Any CPU.Build.0 = Release|Any CPU
		{57921D15-97B8-4053-B50C-0A72178AFE5D}.Debug|Any CPU.ActiveCfg = Debug|Any CPU
		{57921D15-97B8-4053-B50C-0A72178AFE5D}.Debug|Any CPU.Build.0 = Debug|Any CPU
		{57921D15-97B8-4053-B50C-0A72178AFE5D}.Release|Any CPU.ActiveCfg = Release|Any CPU
		{57921D15-97B8-4053-B50C-0A72178AFE5D}.Release|Any CPU.Build.0 = Release|Any CPU
		{6325F1BF-E962-4462-AF81-6B77F2443873}.Debug|Any CPU.ActiveCfg = Debug|Any CPU
		{6325F1BF-E962-4462-AF81-6B77F2443873}.Debug|Any CPU.Build.0 = Debug|Any CPU
		{6325F1BF-E962-4462-AF81-6B77F2443873}.Release|Any CPU.ActiveCfg = Release|Any CPU
		{6325F1BF-E962-4462-AF81-6B77F2443873}.Release|Any CPU.Build.0 = Release|Any CPU
		{8A66FB0E-C7B3-444D-8C5A-082AE02F07A2}.Debug|Any CPU.ActiveCfg = Debug|Any CPU
		{8A66FB0E-C7B3-444D-8C5A-082AE02F07A2}.Debug|Any CPU.Build.0 = Debug|Any CPU
		{8A66FB0E-C7B3-444D-8C5A-082AE02F07A2}.Release|Any CPU.ActiveCfg = Release|Any CPU
		{8A66FB0E-C7B3-444D-8C5A-082AE02F07A2}.Release|Any CPU.Build.0 = Release|Any CPU
		{E5E1F5FF-7272-47FC-BD93-14DD70558F54}.Debug|Any CPU.ActiveCfg = Debug|Any CPU
		{E5E1F5FF-7272-47FC-BD93-14DD70558F54}.Debug|Any CPU.Build.0 = Debug|Any CPU
		{E5E1F5FF-7272-47FC-BD93-14DD70558F54}.Release|Any CPU.ActiveCfg = Release|Any CPU
		{E5E1F5FF-7272-47FC-BD93-14DD70558F54}.Release|Any CPU.Build.0 = Release|Any CPU
		{D05181C2-7D16-4D01-8403-0179CA4C6532}.Debug|Any CPU.ActiveCfg = Debug|Any CPU
		{D05181C2-7D16-4D01-8403-0179CA4C6532}.Debug|Any CPU.Build.0 = Debug|Any CPU
		{D05181C2-7D16-4D01-8403-0179CA4C6532}.Release|Any CPU.ActiveCfg = Release|Any CPU
		{D05181C2-7D16-4D01-8403-0179CA4C6532}.Release|Any CPU.Build.0 = Release|Any CPU
		{751F68DB-935E-4B01-9A60-B24DAD388FFA}.Debug|Any CPU.ActiveCfg = Debug|Any CPU
		{751F68DB-935E-4B01-9A60-B24DAD388FFA}.Debug|Any CPU.Build.0 = Debug|Any CPU
		{751F68DB-935E-4B01-9A60-B24DAD388FFA}.Release|Any CPU.ActiveCfg = Release|Any CPU
		{751F68DB-935E-4B01-9A60-B24DAD388FFA}.Release|Any CPU.Build.0 = Release|Any CPU
		{7DC090A1-1503-43EE-A924-393AC19B2D55}.Debug|Any CPU.ActiveCfg = Debug|Any CPU
		{7DC090A1-1503-43EE-A924-393AC19B2D55}.Debug|Any CPU.Build.0 = Debug|Any CPU
		{7DC090A1-1503-43EE-A924-393AC19B2D55}.Release|Any CPU.ActiveCfg = Release|Any CPU
		{7DC090A1-1503-43EE-A924-393AC19B2D55}.Release|Any CPU.Build.0 = Release|Any CPU
	EndGlobalSection
	GlobalSection(SolutionProperties) = preSolution
		HideSolutionNode = FALSE
	EndGlobalSection
	GlobalSection(NestedProjects) = preSolution
		{4C4BC7DB-1635-4533-881E-0E2CD3FAA44E} = {82A992DB-7227-4677-BFF9-939CC059603E}
		{1DF1692E-585F-40A1-9CAF-73B9CBBD0D6F} = {82A992DB-7227-4677-BFF9-939CC059603E}
		{4B4A523E-5DAC-40A7-86D1-7954B0D9C17F} = {82A992DB-7227-4677-BFF9-939CC059603E}
		{A928362B-626C-4528-AC09-699DA5603AE1} = {82A992DB-7227-4677-BFF9-939CC059603E}
		{CFF56FBA-4629-4DDD-8D89-B8F87634AFDE} = {A928362B-626C-4528-AC09-699DA5603AE1}
		{57921D15-97B8-4053-B50C-0A72178AFE5D} = {A928362B-626C-4528-AC09-699DA5603AE1}
		{6325F1BF-E962-4462-AF81-6B77F2443873} = {A928362B-626C-4528-AC09-699DA5603AE1}
		{8A66FB0E-C7B3-444D-8C5A-082AE02F07A2} = {A928362B-626C-4528-AC09-699DA5603AE1}
		{E5E1F5FF-7272-47FC-BD93-14DD70558F54} = {B8992424-17F8-476F-B136-EEECC230FAC7}
		{D05181C2-7D16-4D01-8403-0179CA4C6532} = {B8992424-17F8-476F-B136-EEECC230FAC7}
		{751F68DB-935E-4B01-9A60-B24DAD388FFA} = {98FF1C8B-D597-4465-91A6-20E750F76A39}
		{7DC090A1-1503-43EE-A924-393AC19B2D55} = {98FF1C8B-D597-4465-91A6-20E750F76A39}
	EndGlobalSection
EndGlobal
