
Microsoft Visual Studio Solution File, Format Version 12.00
# Visual Studio Version 17
VisualStudioVersion = 17.12.35527.113 d17.12
MinimumVisualStudioVersion = 10.0.40219.1
Project("{FAE04EC0-301F-11D3-BF4B-00C04F79EFBC}") = "Lynx", "Lynx\Lynx.csproj", "{E5E1F5FF-7272-47FC-BD93-14DD70558F54}"
EndProject
Project("{2150E333-8FDC-42A3-9474-1A3956D46DE8}") = "Solution Items", "Solution Items", "{2DC39BDE-4202-4038-A7E6-7C6544D422BF}"
	ProjectSection(SolutionItems) = preProject
		Directory.Build.props = Directory.Build.props
		Directory.Build.targets = Directory.Build.targets
	EndProjectSection
EndProject
Project("{FAE04EC0-301F-11D3-BF4B-00C04F79EFBC}") = "Lynx.Tests", "Lynx.Tests\Lynx.Tests.csproj", "{D05181C2-7D16-4D01-8403-0179CA4C6532}"
EndProject
Project("{FAE04EC0-301F-11D3-BF4B-00C04F79EFBC}") = "Npgsql.BackupRestore", "Npgsql.BackupRestore\Npgsql.BackupRestore\Npgsql.BackupRestore.csproj", "{751F68DB-935E-4B01-9A60-B24DAD388FFA}"
EndProject
Project("{2150E333-8FDC-42A3-9474-1A3956D46DE8}") = "Lynx", "Lynx", "{B8992424-17F8-476F-B136-EEECC230FAC7}"
EndProject
Project("{2150E333-8FDC-42A3-9474-1A3956D46DE8}") = "Npgsql.BackupRestore", "Npgsql.BackupRestore", "{98FF1C8B-D597-4465-91A6-20E750F76A39}"
EndProject
Project("{FAE04EC0-301F-11D3-BF4B-00C04F79EFBC}") = "Npgsql.BackupRestore.Tests", "Npgsql.BackupRestore\Npgsql.BackupRestore.Tests\Npgsql.BackupRestore.Tests.csproj", "{7DC090A1-1503-43EE-A924-393AC19B2D55}"
EndProject
Project("{2150E333-8FDC-42A3-9474-1A3956D46DE8}") = "EFCore.BulkExtensions", "EFCore.BulkExtensions", "{6A52D4AA-7B4E-4A25-A9E0-2302CD9D6C34}"
EndProject
Project("{2150E333-8FDC-42A3-9474-1A3956D46DE8}") = "EFCore.BulkExtensions.PerProvider", "EFCore.BulkExtensions.PerProvider", "{7290C5D4-D4AF-48EA-B1AB-9AF663CCF735}"
EndProject
Project("{FAE04EC0-301F-11D3-BF4B-00C04F79EFBC}") = "EFCore.BulkExtensions.Tests", "EFCore.BulkExtensions\EFCore.BulkExtensions.Tests\EFCore.BulkExtensions.Tests.csproj", "{5A779184-3E85-48D6-8985-D6B037756020}"
EndProject
Project("{FAE04EC0-301F-11D3-BF4B-00C04F79EFBC}") = "EFCore.BulkExtensions.Core", "EFCore.BulkExtensions\EFCore.BulkExtensions.Core\EFCore.BulkExtensions.Core.csproj", "{E93AC277-5EE4-4AC0-9F5A-92118678B879}"
EndProject
Project("{FAE04EC0-301F-11D3-BF4B-00C04F79EFBC}") = "EFCore.BulkExtensions.MySql", "EFCore.BulkExtensions\EFCore.BulkExtensions.MySql\EFCore.BulkExtensions.MySql.csproj", "{145CD822-B6AF-4505-A7B9-D50F82901B8D}"
EndProject
Project("{FAE04EC0-301F-11D3-BF4B-00C04F79EFBC}") = "EFCore.BulkExtensions.PostgreSql", "EFCore.BulkExtensions\EFCore.BulkExtensions.PostgreSql\EFCore.BulkExtensions.PostgreSql.csproj", "{C485F166-F88D-47FA-8677-FCFE2A9A2DC7}"
EndProject
Project("{FAE04EC0-301F-11D3-BF4B-00C04F79EFBC}") = "EFCore.BulkExtensions.SqlServer", "EFCore.BulkExtensions\EFCore.BulkExtensions.SqlServer\EFCore.BulkExtensions.SqlServer.csproj", "{0155DEB6-F64C-499B-91DF-852B719D60B1}"
EndProject
Project("{FAE04EC0-301F-11D3-BF4B-00C04F79EFBC}") = "EFCore.BulkExtensions.Sqlite", "EFCore.BulkExtensions\EFCore.BulkExtensions.Sqlite\EFCore.BulkExtensions.Sqlite.csproj", "{3ADDE4F6-D1C8-45ED-A5FF-91C04EDB8AB3}"
EndProject
Project("{FAE04EC0-301F-11D3-BF4B-00C04F79EFBC}") = "EFCore.BulkExtensions", "EFCore.BulkExtensions\EFCore.BulkExtensions\EFCore.BulkExtensions.csproj", "{9AAA09C6-64B8-4720-9910-BD2F87B48950}"
EndProject
Global
	GlobalSection(SolutionConfigurationPlatforms) = preSolution
		Debug|Any CPU = Debug|Any CPU
		Release|Any CPU = Release|Any CPU
	EndGlobalSection
	GlobalSection(ProjectConfigurationPlatforms) = postSolution
		{E5E1F5FF-7272-47FC-BD93-14DD70558F54}.Debug|Any CPU.ActiveCfg = Debug|Any CPU
		{E5E1F5FF-7272-47FC-BD93-14DD70558F54}.Debug|Any CPU.Build.0 = Debug|Any CPU
		{E5E1F5FF-7272-47FC-BD93-14DD70558F54}.Release|Any CPU.ActiveCfg = Release|Any CPU
		{E5E1F5FF-7272-47FC-BD93-14DD70558F54}.Release|Any CPU.Build.0 = Release|Any CPU
		{D05181C2-7D16-4D01-8403-0179CA4C6532}.Debug|Any CPU.ActiveCfg = Debug|Any CPU
		{D05181C2-7D16-4D01-8403-0179CA4C6532}.Debug|Any CPU.Build.0 = Debug|Any CPU
		{D05181C2-7D16-4D01-8403-0179CA4C6532}.Release|Any CPU.ActiveCfg = Release|Any CPU
		{D05181C2-7D16-4D01-8403-0179CA4C6532}.Release|Any CPU.Build.0 = Release|Any CPU
		{751F68DB-935E-4B01-9A60-B24DAD388FFA}.Debug|Any CPU.ActiveCfg = Debug|Any CPU
		{751F68DB-935E-4B01-9A60-B24DAD388FFA}.Debug|Any CPU.Build.0 = Debug|Any CPU
		{751F68DB-935E-4B01-9A60-B24DAD388FFA}.Release|Any CPU.ActiveCfg = Release|Any CPU
		{751F68DB-935E-4B01-9A60-B24DAD388FFA}.Release|Any CPU.Build.0 = Release|Any CPU
		{7DC090A1-1503-43EE-A924-393AC19B2D55}.Debug|Any CPU.ActiveCfg = Debug|Any CPU
		{7DC090A1-1503-43EE-A924-393AC19B2D55}.Debug|Any CPU.Build.0 = Debug|Any CPU
		{7DC090A1-1503-43EE-A924-393AC19B2D55}.Release|Any CPU.ActiveCfg = Release|Any CPU
		{7DC090A1-1503-43EE-A924-393AC19B2D55}.Release|Any CPU.Build.0 = Release|Any CPU
		{5A779184-3E85-48D6-8985-D6B037756020}.Debug|Any CPU.ActiveCfg = Debug|Any CPU
		{5A779184-3E85-48D6-8985-D6B037756020}.Debug|Any CPU.Build.0 = Debug|Any CPU
		{5A779184-3E85-48D6-8985-D6B037756020}.Release|Any CPU.ActiveCfg = Release|Any CPU
		{5A779184-3E85-48D6-8985-D6B037756020}.Release|Any CPU.Build.0 = Release|Any CPU
		{E93AC277-5EE4-4AC0-9F5A-92118678B879}.Debug|Any CPU.ActiveCfg = Debug|Any CPU
		{E93AC277-5EE4-4AC0-9F5A-92118678B879}.Debug|Any CPU.Build.0 = Debug|Any CPU
		{E93AC277-5EE4-4AC0-9F5A-92118678B879}.Release|Any CPU.ActiveCfg = Release|Any CPU
		{E93AC277-5EE4-4AC0-9F5A-92118678B879}.Release|Any CPU.Build.0 = Release|Any CPU
		{145CD822-B6AF-4505-A7B9-D50F82901B8D}.Debug|Any CPU.ActiveCfg = Debug|Any CPU
		{145CD822-B6AF-4505-A7B9-D50F82901B8D}.Debug|Any CPU.Build.0 = Debug|Any CPU
		{145CD822-B6AF-4505-A7B9-D50F82901B8D}.Release|Any CPU.ActiveCfg = Release|Any CPU
		{145CD822-B6AF-4505-A7B9-D50F82901B8D}.Release|Any CPU.Build.0 = Release|Any CPU
		{C485F166-F88D-47FA-8677-FCFE2A9A2DC7}.Debug|Any CPU.ActiveCfg = Debug|Any CPU
		{C485F166-F88D-47FA-8677-FCFE2A9A2DC7}.Debug|Any CPU.Build.0 = Debug|Any CPU
		{C485F166-F88D-47FA-8677-FCFE2A9A2DC7}.Release|Any CPU.ActiveCfg = Release|Any CPU
		{C485F166-F88D-47FA-8677-FCFE2A9A2DC7}.Release|Any CPU.Build.0 = Release|Any CPU
		{0155DEB6-F64C-499B-91DF-852B719D60B1}.Debug|Any CPU.ActiveCfg = Debug|Any CPU
		{0155DEB6-F64C-499B-91DF-852B719D60B1}.Debug|Any CPU.Build.0 = Debug|Any CPU
		{0155DEB6-F64C-499B-91DF-852B719D60B1}.Release|Any CPU.ActiveCfg = Release|Any CPU
		{0155DEB6-F64C-499B-91DF-852B719D60B1}.Release|Any CPU.Build.0 = Release|Any CPU
		{3ADDE4F6-D1C8-45ED-A5FF-91C04EDB8AB3}.Debug|Any CPU.ActiveCfg = Debug|Any CPU
		{3ADDE4F6-D1C8-45ED-A5FF-91C04EDB8AB3}.Debug|Any CPU.Build.0 = Debug|Any CPU
		{3ADDE4F6-D1C8-45ED-A5FF-91C04EDB8AB3}.Release|Any CPU.ActiveCfg = Release|Any CPU
		{3ADDE4F6-D1C8-45ED-A5FF-91C04EDB8AB3}.Release|Any CPU.Build.0 = Release|Any CPU
		{9AAA09C6-64B8-4720-9910-BD2F87B48950}.Debug|Any CPU.ActiveCfg = Debug|Any CPU
		{9AAA09C6-64B8-4720-9910-BD2F87B48950}.Debug|Any CPU.Build.0 = Debug|Any CPU
		{9AAA09C6-64B8-4720-9910-BD2F87B48950}.Release|Any CPU.ActiveCfg = Release|Any CPU
		{9AAA09C6-64B8-4720-9910-BD2F87B48950}.Release|Any CPU.Build.0 = Release|Any CPU
	EndGlobalSection
	GlobalSection(SolutionProperties) = preSolution
		HideSolutionNode = FALSE
	EndGlobalSection
	GlobalSection(NestedProjects) = preSolution
		{E5E1F5FF-7272-47FC-BD93-14DD70558F54} = {B8992424-17F8-476F-B136-EEECC230FAC7}
		{D05181C2-7D16-4D01-8403-0179CA4C6532} = {B8992424-17F8-476F-B136-EEECC230FAC7}
		{751F68DB-935E-4B01-9A60-B24DAD388FFA} = {98FF1C8B-D597-4465-91A6-20E750F76A39}
		{7DC090A1-1503-43EE-A924-393AC19B2D55} = {98FF1C8B-D597-4465-91A6-20E750F76A39}
		{7290C5D4-D4AF-48EA-B1AB-9AF663CCF735} = {6A52D4AA-7B4E-4A25-A9E0-2302CD9D6C34}
		{5A779184-3E85-48D6-8985-D6B037756020} = {6A52D4AA-7B4E-4A25-A9E0-2302CD9D6C34}
		{E93AC277-5EE4-4AC0-9F5A-92118678B879} = {6A52D4AA-7B4E-4A25-A9E0-2302CD9D6C34}
		{145CD822-B6AF-4505-A7B9-D50F82901B8D} = {7290C5D4-D4AF-48EA-B1AB-9AF663CCF735}
		{C485F166-F88D-47FA-8677-FCFE2A9A2DC7} = {7290C5D4-D4AF-48EA-B1AB-9AF663CCF735}
		{0155DEB6-F64C-499B-91DF-852B719D60B1} = {7290C5D4-D4AF-48EA-B1AB-9AF663CCF735}
		{3ADDE4F6-D1C8-45ED-A5FF-91C04EDB8AB3} = {7290C5D4-D4AF-48EA-B1AB-9AF663CCF735}
		{9AAA09C6-64B8-4720-9910-BD2F87B48950} = {6A52D4AA-7B4E-4A25-A9E0-2302CD9D6C34}
	EndGlobalSection
EndGlobal
