
Microsoft Visual Studio Solution File, Format Version 12.00
# Visual Studio Version 17
VisualStudioVersion = 17.12.35527.113 d17.12
MinimumVisualStudioVersion = 10.0.40219.1
Project("{FAE04EC0-301F-11D3-BF4B-00C04F79EFBC}") = "Lynx", "Lynx\Lynx.csproj", "{E5E1F5FF-7272-47FC-BD93-14DD70558F54}"
EndProject
Project("{2150E333-8FDC-42A3-9474-1A3956D46DE8}") = "Solution Items", "Solution Items", "{2DC39BDE-4202-4038-A7E6-7C6544D422BF}"
	ProjectSection(SolutionItems) = preProject
		Directory.Build.props = Directory.Build.props
		Directory.Build.targets = Directory.Build.targets
	EndProjectSection
EndProject
Project("{FAE04EC0-301F-11D3-BF4B-00C04F79EFBC}") = "Lynx.Tests", "Lynx.Tests\Lynx.Tests.csproj", "{D05181C2-7D16-4D01-8403-0179CA4C6532}"
EndProject
Project("{FAE04EC0-301F-11D3-BF4B-00C04F79EFBC}") = "Npgsql.BackupRestore", "Npgsql.BackupRestore\Npgsql.BackupRestore\Npgsql.BackupRestore.csproj", "{751F68DB-935E-4B01-9A60-B24DAD388FFA}"
EndProject
Project("{2150E333-8FDC-42A3-9474-1A3956D46DE8}") = "Lynx", "Lynx", "{B8992424-17F8-476F-B136-EEECC230FAC7}"
EndProject
Project("{2150E333-8FDC-42A3-9474-1A3956D46DE8}") = "Npgsql.BackupRestore", "Npgsql.BackupRestore", "{98FF1C8B-D597-4465-91A6-20E750F76A39}"
EndProject
Project("{FAE04EC0-301F-11D3-BF4B-00C04F79EFBC}") = "Npgsql.BackupRestore.Tests", "Npgsql.BackupRestore\Npgsql.BackupRestore.Tests\Npgsql.BackupRestore.Tests.csproj", "{7DC090A1-1503-43EE-A924-393AC19B2D55}"
EndProject
Project("{2150E333-8FDC-42A3-9474-1A3956D46DE8}") = "NodaTime.Absolute", "NodaTime.Absolute", "{47210301-AA17-4133-9914-0B9E6550A479}"
EndProject
Project("{FAE04EC0-301F-11D3-BF4B-00C04F79EFBC}") = "NodaTime.Absolute", "NodaTime.Absolute\NodaTime.Absolute.csproj", "{FAD347A2-AF11-45DB-B00A-5EBDAFF19F8F}"
EndProject
Project("{FAE04EC0-301F-11D3-BF4B-00C04F79EFBC}") = "NodaTime.Absolute.Tests", "NodaTime.Absolute.Tests\NodaTime.Absolute.Tests.csproj", "{CA1E2906-4555-4F60-8C35-84E38DBACDD3}"
EndProject
Project("{FAE04EC0-301F-11D3-BF4B-00C04F79EFBC}") = "NodaTime.Absolute.EFCore.Sqlite", "NodaTime.Absolute.EFCore.Sqlite\NodaTime.Absolute.EFCore.Sqlite.csproj", "{52F38D5A-0C82-4638-9BC3-A75505CC0A6E}"
EndProject
Global
	GlobalSection(SolutionConfigurationPlatforms) = preSolution
		Debug|Any CPU = Debug|Any CPU
		Release|Any CPU = Release|Any CPU
	EndGlobalSection
	GlobalSection(ProjectConfigurationPlatforms) = postSolution
		{E5E1F5FF-7272-47FC-BD93-14DD70558F54}.Debug|Any CPU.ActiveCfg = Debug|Any CPU
		{E5E1F5FF-7272-47FC-BD93-14DD70558F54}.Debug|Any CPU.Build.0 = Debug|Any CPU
		{E5E1F5FF-7272-47FC-BD93-14DD70558F54}.Release|Any CPU.ActiveCfg = Release|Any CPU
		{E5E1F5FF-7272-47FC-BD93-14DD70558F54}.Release|Any CPU.Build.0 = Release|Any CPU
		{D05181C2-7D16-4D01-8403-0179CA4C6532}.Debug|Any CPU.ActiveCfg = Debug|Any CPU
		{D05181C2-7D16-4D01-8403-0179CA4C6532}.Debug|Any CPU.Build.0 = Debug|Any CPU
		{D05181C2-7D16-4D01-8403-0179CA4C6532}.Release|Any CPU.ActiveCfg = Release|Any CPU
		{D05181C2-7D16-4D01-8403-0179CA4C6532}.Release|Any CPU.Build.0 = Release|Any CPU
		{751F68DB-935E-4B01-9A60-B24DAD388FFA}.Debug|Any CPU.ActiveCfg = Debug|Any CPU
		{751F68DB-935E-4B01-9A60-B24DAD388FFA}.Debug|Any CPU.Build.0 = Debug|Any CPU
		{751F68DB-935E-4B01-9A60-B24DAD388FFA}.Release|Any CPU.ActiveCfg = Release|Any CPU
		{751F68DB-935E-4B01-9A60-B24DAD388FFA}.Release|Any CPU.Build.0 = Release|Any CPU
		{7DC090A1-1503-43EE-A924-393AC19B2D55}.Debug|Any CPU.ActiveCfg = Debug|Any CPU
		{7DC090A1-1503-43EE-A924-393AC19B2D55}.Debug|Any CPU.Build.0 = Debug|Any CPU
		{7DC090A1-1503-43EE-A924-393AC19B2D55}.Release|Any CPU.ActiveCfg = Release|Any CPU
		{7DC090A1-1503-43EE-A924-393AC19B2D55}.Release|Any CPU.Build.0 = Release|Any CPU
		{FAD347A2-AF11-45DB-B00A-5EBDAFF19F8F}.Debug|Any CPU.ActiveCfg = Debug|Any CPU
		{FAD347A2-AF11-45DB-B00A-5EBDAFF19F8F}.Debug|Any CPU.Build.0 = Debug|Any CPU
		{FAD347A2-AF11-45DB-B00A-5EBDAFF19F8F}.Release|Any CPU.ActiveCfg = Release|Any CPU
		{FAD347A2-AF11-45DB-B00A-5EBDAFF19F8F}.Release|Any CPU.Build.0 = Release|Any CPU
		{CA1E2906-4555-4F60-8C35-84E38DBACDD3}.Debug|Any CPU.ActiveCfg = Debug|Any CPU
		{CA1E2906-4555-4F60-8C35-84E38DBACDD3}.Debug|Any CPU.Build.0 = Debug|Any CPU
		{CA1E2906-4555-4F60-8C35-84E38DBACDD3}.Release|Any CPU.ActiveCfg = Release|Any CPU
		{CA1E2906-4555-4F60-8C35-84E38DBACDD3}.Release|Any CPU.Build.0 = Release|Any CPU
		{52F38D5A-0C82-4638-9BC3-A75505CC0A6E}.Debug|Any CPU.ActiveCfg = Debug|Any CPU
		{52F38D5A-0C82-4638-9BC3-A75505CC0A6E}.Debug|Any CPU.Build.0 = Debug|Any CPU
		{52F38D5A-0C82-4638-9BC3-A75505CC0A6E}.Release|Any CPU.ActiveCfg = Release|Any CPU
		{52F38D5A-0C82-4638-9BC3-A75505CC0A6E}.Release|Any CPU.Build.0 = Release|Any CPU
	EndGlobalSection
	GlobalSection(SolutionProperties) = preSolution
		HideSolutionNode = FALSE
	EndGlobalSection
	GlobalSection(NestedProjects) = preSolution
		{E5E1F5FF-7272-47FC-BD93-14DD70558F54} = {B8992424-17F8-476F-B136-EEECC230FAC7}
		{D05181C2-7D16-4D01-8403-0179CA4C6532} = {B8992424-17F8-476F-B136-EEECC230FAC7}
		{751F68DB-935E-4B01-9A60-B24DAD388FFA} = {98FF1C8B-D597-4465-91A6-20E750F76A39}
		{7DC090A1-1503-43EE-A924-393AC19B2D55} = {98FF1C8B-D597-4465-91A6-20E750F76A39}
		{FAD347A2-AF11-45DB-B00A-5EBDAFF19F8F} = {47210301-AA17-4133-9914-0B9E6550A479}
		{CA1E2906-4555-4F60-8C35-84E38DBACDD3} = {47210301-AA17-4133-9914-0B9E6550A479}
		{52F38D5A-0C82-4638-9BC3-A75505CC0A6E} = {47210301-AA17-4133-9914-0B9E6550A479}
	EndGlobalSection
EndGlobal
